
Microsoft Visual Studio Solution File, Format Version 12.00
# Visual Studio 15
VisualStudioVersion = 15.0.26730.12
MinimumVisualStudioVersion = 10.0.40219.1
Project("{8BC9CEB8-8B4A-11D0-8D11-00A0C91BC942}") = "Taller 6 Servidor", "Taller 6 Servidor\Taller 6 Servidor.vcxproj", "{1340FE74-CE3F-429D-AF3F-D2B338C620C6}"
EndProject
Project("{8BC9CEB8-8B4A-11D0-8D11-00A0C91BC942}") = "Taller 6 Cliente", "Taller 6 Cliente\Taller 6 Cliente.vcxproj", "{1EE4111D-1F49-4CBD-9CDA-A56EFAEFF64F}"
EndProject
Global
	GlobalSection(SolutionConfigurationPlatforms) = preSolution
		Debug|x64 = Debug|x64
		Debug|x86 = Debug|x86
		Release|x64 = Release|x64
		Release|x86 = Release|x86
	EndGlobalSection
	GlobalSection(ProjectConfigurationPlatforms) = postSolution
		{1340FE74-CE3F-429D-AF3F-D2B338C620C6}.Debug|x64.ActiveCfg = Debug|x64
		{1340FE74-CE3F-429D-AF3F-D2B338C620C6}.Debug|x64.Build.0 = Debug|x64
		{1340FE74-CE3F-429D-AF3F-D2B338C620C6}.Debug|x86.ActiveCfg = Debug|Win32
		{1340FE74-CE3F-429D-AF3F-D2B338C620C6}.Debug|x86.Build.0 = Debug|Win32
		{1340FE74-CE3F-429D-AF3F-D2B338C620C6}.Release|x64.ActiveCfg = Release|x64
		{1340FE74-CE3F-429D-AF3F-D2B338C620C6}.Release|x64.Build.0 = Release|x64
		{1340FE74-CE3F-429D-AF3F-D2B338C620C6}.Release|x86.ActiveCfg = Release|Win32
		{1340FE74-CE3F-429D-AF3F-D2B338C620C6}.Release|x86.Build.0 = Release|Win32
		{1EE4111D-1F49-4CBD-9CDA-A56EFAEFF64F}.Debug|x64.ActiveCfg = Debug|x64
		{1EE4111D-1F49-4CBD-9CDA-A56EFAEFF64F}.Debug|x64.Build.0 = Debug|x64
		{1EE4111D-1F49-4CBD-9CDA-A56EFAEFF64F}.Debug|x86.ActiveCfg = Debug|Win32
		{1EE4111D-1F49-4CBD-9CDA-A56EFAEFF64F}.Debug|x86.Build.0 = Debug|Win32
		{1EE4111D-1F49-4CBD-9CDA-A56EFAEFF64F}.Release|x64.ActiveCfg = Release|x64
		{1EE4111D-1F49-4CBD-9CDA-A56EFAEFF64F}.Release|x64.Build.0 = Release|x64
		{1EE4111D-1F49-4CBD-9CDA-A56EFAEFF64F}.Release|x86.ActiveCfg = Release|Win32
		{1EE4111D-1F49-4CBD-9CDA-A56EFAEFF64F}.Release|x86.Build.0 = Release|Win32
	EndGlobalSection
	GlobalSection(SolutionProperties) = preSolution
		HideSolutionNode = FALSE
	EndGlobalSection
	GlobalSection(ExtensibilityGlobals) = postSolution
		SolutionGuid = {CA25D879-56D0-4178-BE0B-913875D2644A}
	EndGlobalSection
EndGlobal
